
Microsoft Visual Studio Solution File, Format Version 12.00
# Visual Studio Version 17
VisualStudioVersion = 17.11.35327.3
MinimumVisualStudioVersion = 10.0.40219.1
Project("{FAE04EC0-301F-11D3-BF4B-00C04F79EFBC}") = "Basic For-Loop", "Basic For-Loop\Basic For-Loop.csproj", "{9741D598-DEB7-4DBB-B9B7-D3C968E0431E}"
EndProject
Global
	GlobalSection(SolutionConfigurationPlatforms) = preSolution
		Debug|Any CPU = Debug|Any CPU
		Release|Any CPU = Release|Any CPU
	EndGlobalSection
	GlobalSection(ProjectConfigurationPlatforms) = postSolution
		{9741D598-DEB7-4DBB-B9B7-D3C968E0431E}.Debug|Any CPU.ActiveCfg = Debug|Any CPU
		{9741D598-DEB7-4DBB-B9B7-D3C968E0431E}.Debug|Any CPU.Build.0 = Debug|Any CPU
		{9741D598-DEB7-4DBB-B9B7-D3C968E0431E}.Release|Any CPU.ActiveCfg = Release|Any CPU
		{9741D598-DEB7-4DBB-B9B7-D3C968E0431E}.Release|Any CPU.Build.0 = Release|Any CPU
	EndGlobalSection
	GlobalSection(SolutionProperties) = preSolution
		HideSolutionNode = FALSE
	EndGlobalSection
	GlobalSection(ExtensibilityGlobals) = postSolution
		SolutionGuid = {A19EDA2C-23EF-4D1C-817F-EFD983395D58}
	EndGlobalSection
EndGlobal
